
Microsoft Visual Studio Solution File, Format Version 12.00
# Visual Studio Version 16
VisualStudioVersion = 16.0.30413.136
MinimumVisualStudioVersion = 10.0.40219.1
Project("{FAE04EC0-301F-11D3-BF4B-00C04F79EFBC}") = "ProjetoConfiguracoes", "ProjetoConfiguracoes\ProjetoConfiguracoes.csproj", "{82F94361-6A43-44D5-9263-74DD5A446F69}"
EndProject
Global
	GlobalSection(SolutionConfigurationPlatforms) = preSolution
		Debug|Any CPU = Debug|Any CPU
		Release|Any CPU = Release|Any CPU
	EndGlobalSection
	GlobalSection(ProjectConfigurationPlatforms) = postSolution
		{82F94361-6A43-44D5-9263-74DD5A446F69}.Debug|Any CPU.ActiveCfg = Debug|Any CPU
		{82F94361-6A43-44D5-9263-74DD5A446F69}.Debug|Any CPU.Build.0 = Debug|Any CPU
		{82F94361-6A43-44D5-9263-74DD5A446F69}.Release|Any CPU.ActiveCfg = Release|Any CPU
		{82F94361-6A43-44D5-9263-74DD5A446F69}.Release|Any CPU.Build.0 = Release|Any CPU
	EndGlobalSection
	GlobalSection(SolutionProperties) = preSolution
		HideSolutionNode = FALSE
	EndGlobalSection
	GlobalSection(ExtensibilityGlobals) = postSolution
		SolutionGuid = {A580E70E-D124-4983-92B4-CD1C0EBA0FA9}
	EndGlobalSection
EndGlobal
